
Microsoft Visual Studio Solution File, Format Version 12.00
# Visual Studio Version 16
VisualStudioVersion = 16.0.31911.196
MinimumVisualStudioVersion = 10.0.40219.1
Project("{FAE04EC0-301F-11D3-BF4B-00C04F79EFBC}") = "Teszt", "Teszt\Teszt.csproj", "{971AB961-851D-471A-A7B6-2ECC1B0FC207}"
EndProject
Project("{FAE04EC0-301F-11D3-BF4B-00C04F79EFBC}") = "balkezesek", "balkezesek\balkezesek.csproj", "{37FD5964-8079-4C6D-AB6E-417C7598B431}"
EndProject
Project("{FAE04EC0-301F-11D3-BF4B-00C04F79EFBC}") = "Classes", "Classes\Classes.csproj", "{6455BBCB-5C9D-404B-A758-B25F02CF5782}"
EndProject
Project("{FAE04EC0-301F-11D3-BF4B-00C04F79EFBC}") = "Kor", "Kor\Kor.csproj", "{90C809CD-18DB-4E26-8659-22402985FFE4}"
EndProject
Project("{FAE04EC0-301F-11D3-BF4B-00C04F79EFBC}") = "Kor2", "Kor2\Kor2.csproj", "{31301065-6695-4656-BF8D-0DCFEFA4E1A9}"
EndProject
Global
	GlobalSection(SolutionConfigurationPlatforms) = preSolution
		Debug|Any CPU = Debug|Any CPU
		Release|Any CPU = Release|Any CPU
	EndGlobalSection
	GlobalSection(ProjectConfigurationPlatforms) = postSolution
		{971AB961-851D-471A-A7B6-2ECC1B0FC207}.Debug|Any CPU.ActiveCfg = Debug|Any CPU
		{971AB961-851D-471A-A7B6-2ECC1B0FC207}.Debug|Any CPU.Build.0 = Debug|Any CPU
		{971AB961-851D-471A-A7B6-2ECC1B0FC207}.Release|Any CPU.ActiveCfg = Release|Any CPU
		{971AB961-851D-471A-A7B6-2ECC1B0FC207}.Release|Any CPU.Build.0 = Release|Any CPU
		{37FD5964-8079-4C6D-AB6E-417C7598B431}.Debug|Any CPU.ActiveCfg = Debug|Any CPU
		{37FD5964-8079-4C6D-AB6E-417C7598B431}.Debug|Any CPU.Build.0 = Debug|Any CPU
		{37FD5964-8079-4C6D-AB6E-417C7598B431}.Release|Any CPU.ActiveCfg = Release|Any CPU
		{37FD5964-8079-4C6D-AB6E-417C7598B431}.Release|Any CPU.Build.0 = Release|Any CPU
		{6455BBCB-5C9D-404B-A758-B25F02CF5782}.Debug|Any CPU.ActiveCfg = Debug|Any CPU
		{6455BBCB-5C9D-404B-A758-B25F02CF5782}.Debug|Any CPU.Build.0 = Debug|Any CPU
		{6455BBCB-5C9D-404B-A758-B25F02CF5782}.Release|Any CPU.ActiveCfg = Release|Any CPU
		{6455BBCB-5C9D-404B-A758-B25F02CF5782}.Release|Any CPU.Build.0 = Release|Any CPU
		{90C809CD-18DB-4E26-8659-22402985FFE4}.Debug|Any CPU.ActiveCfg = Debug|Any CPU
		{90C809CD-18DB-4E26-8659-22402985FFE4}.Debug|Any CPU.Build.0 = Debug|Any CPU
		{90C809CD-18DB-4E26-8659-22402985FFE4}.Release|Any CPU.ActiveCfg = Release|Any CPU
		{90C809CD-18DB-4E26-8659-22402985FFE4}.Release|Any CPU.Build.0 = Release|Any CPU
		{31301065-6695-4656-BF8D-0DCFEFA4E1A9}.Debug|Any CPU.ActiveCfg = Debug|Any CPU
		{31301065-6695-4656-BF8D-0DCFEFA4E1A9}.Debug|Any CPU.Build.0 = Debug|Any CPU
		{31301065-6695-4656-BF8D-0DCFEFA4E1A9}.Release|Any CPU.ActiveCfg = Release|Any CPU
		{31301065-6695-4656-BF8D-0DCFEFA4E1A9}.Release|Any CPU.Build.0 = Release|Any CPU
	EndGlobalSection
	GlobalSection(SolutionProperties) = preSolution
		HideSolutionNode = FALSE
	EndGlobalSection
	GlobalSection(ExtensibilityGlobals) = postSolution
		SolutionGuid = {CD95FE62-9DF4-4B6D-BF9E-4CAD40704331}
	EndGlobalSection
EndGlobal
